
Microsoft Visual Studio Solution File, Format Version 12.00
# Visual Studio Version 17
VisualStudioVersion = 17.6.33723.286
MinimumVisualStudioVersion = 10.0.40219.1
Project("{FAE04EC0-301F-11D3-BF4B-00C04F79EFBC}") = "Gasolinera", "Gasolinera.csproj", "{C5913342-6B88-454E-8DD2-CC1E0158120A}"
EndProject
Global
	GlobalSection(SolutionConfigurationPlatforms) = preSolution
		Debug|Any CPU = Debug|Any CPU
		Release|Any CPU = Release|Any CPU
	EndGlobalSection
	GlobalSection(ProjectConfigurationPlatforms) = postSolution
		{C5913342-6B88-454E-8DD2-CC1E0158120A}.Debug|Any CPU.ActiveCfg = Debug|Any CPU
		{C5913342-6B88-454E-8DD2-CC1E0158120A}.Debug|Any CPU.Build.0 = Debug|Any CPU
		{C5913342-6B88-454E-8DD2-CC1E0158120A}.Release|Any CPU.ActiveCfg = Release|Any CPU
		{C5913342-6B88-454E-8DD2-CC1E0158120A}.Release|Any CPU.Build.0 = Release|Any CPU
	EndGlobalSection
	GlobalSection(SolutionProperties) = preSolution
		HideSolutionNode = FALSE
	EndGlobalSection
	GlobalSection(ExtensibilityGlobals) = postSolution
		SolutionGuid = {F4F8BCCC-D057-4451-BC71-90BC9CA8B910}
	EndGlobalSection
EndGlobal
